// !$*UTF8*$!
{
	archiveVersion = 1;
	classes = {
	};
	objectVersion = 50;
	objects = {

/* Begin PBXBuildFile section */
		7A1DECF326DA85FB00A24790 /* CardCollectionViewCell.swift in Sources */ = {isa = PBXBuildFile; fileRef = 7A1DECF126DA85FB00A24790 /* CardCollectionViewCell.swift */; };
		7A1DECF426DA85FB00A24790 /* CardCollectionViewCell.xib in Resources */ = {isa = PBXBuildFile; fileRef = 7A1DECF226DA85FB00A24790 /* CardCollectionViewCell.xib */; };
		7A1DECF826DAB1E000A24790 /* GameController.swift in Sources */ = {isa = PBXBuildFile; fileRef = 7A1DECF726DAB1E000A24790 /* GameController.swift */; };
		7A1DECFB26DAB24500A24790 /* Game.swift in Sources */ = {isa = PBXBuildFile; fileRef = 7A1DECFA26DAB24500A24790 /* Game.swift */; };
		7A1DECFD26DAB6A000A24790 /* ProgressAnimator.swift in Sources */ = {isa = PBXBuildFile; fileRef = 7A1DECFC26DAB6A000A24790 /* ProgressAnimator.swift */; };
		7A1DED0026DAB6CF00A24790 /* ConfettiLayer.swift in Sources */ = {isa = PBXBuildFile; fileRef = 7A1DECFF26DAB6CF00A24790 /* ConfettiLayer.swift */; };
		7A1DED0226DBF8BA00A24790 /* GameControllerTests.swift in Sources */ = {isa = PBXBuildFile; fileRef = 7A1DED0126DBF8BA00A24790 /* GameControllerTests.swift */; };
		7A1DED0426DBFE2400A24790 /* GameBuildingMock.swift in Sources */ = {isa = PBXBuildFile; fileRef = 7A1DED0326DBFE2400A24790 /* GameBuildingMock.swift */; };
		7A1DED0626DBFE4E00A24790 /* TimerProtocolMock.swift in Sources */ = {isa = PBXBuildFile; fileRef = 7A1DED0526DBFE4E00A24790 /* TimerProtocolMock.swift */; };
		7A1DED0826DBFE7100A24790 /* GameControllerDelegateMock.swift in Sources */ = {isa = PBXBuildFile; fileRef = 7A1DED0726DBFE7100A24790 /* GameControllerDelegateMock.swift */; };
		7A1DED0B26DBFFAE00A24790 /* TimerProtocol.swift in Sources */ = {isa = PBXBuildFile; fileRef = 7A1DED0A26DBFFAE00A24790 /* TimerProtocol.swift */; };
		7A4B6D1126D7DB92007408B7 /* AppDelegate.swift in Sources */ = {isa = PBXBuildFile; fileRef = 7A4B6D1026D7DB92007408B7 /* AppDelegate.swift */; };
		7A4B6D1A26D7DB93007408B7 /* Assets.xcassets in Resources */ = {isa = PBXBuildFile; fileRef = 7A4B6D1926D7DB93007408B7 /* Assets.xcassets */; };
		7A4B6D1D26D7DB93007408B7 /* LaunchScreen.storyboard in Resources */ = {isa = PBXBuildFile; fileRef = 7A4B6D1B26D7DB93007408B7 /* LaunchScreen.storyboard */; };
		7A4B6D3326D7DB93007408B7 /* MemoryGameUITests.swift in Sources */ = {isa = PBXBuildFile; fileRef = 7A4B6D3226D7DB93007408B7 /* MemoryGameUITests.swift */; };
		7A4B6D4226D7DC16007408B7 /* LobbyViewController.swift in Sources */ = {isa = PBXBuildFile; fileRef = 7A4B6D4026D7DC16007408B7 /* LobbyViewController.swift */; };
		7A4B6D4326D7DC16007408B7 /* LobbyViewController.xib in Resources */ = {isa = PBXBuildFile; fileRef = 7A4B6D4126D7DC16007408B7 /* LobbyViewController.xib */; };
		7A4B6D4A26D7E8B2007408B7 /* LobbyInteraction.swift in Sources */ = {isa = PBXBuildFile; fileRef = 7A4B6D4926D7E8B2007408B7 /* LobbyInteraction.swift */; };
		7A4B6D4D26D7E92E007408B7 /* LobbyNavigation.swift in Sources */ = {isa = PBXBuildFile; fileRef = 7A4B6D4C26D7E92E007408B7 /* LobbyNavigation.swift */; };
		7A4B6D5026D7EBC8007408B7 /* GameType.swift in Sources */ = {isa = PBXBuildFile; fileRef = 7A4B6D4F26D7EBC8007408B7 /* GameType.swift */; };
		7A4B6D5426D7EC24007408B7 /* GameplayViewController.swift in Sources */ = {isa = PBXBuildFile; fileRef = 7A4B6D5226D7EC24007408B7 /* GameplayViewController.swift */; };
		7A4B6D5526D7EC24007408B7 /* GameplayViewController.xib in Resources */ = {isa = PBXBuildFile; fileRef = 7A4B6D5326D7EC24007408B7 /* GameplayViewController.xib */; };
		7A4B6D5926D7F3BC007408B7 /* GameplayInteraction.swift in Sources */ = {isa = PBXBuildFile; fileRef = 7A4B6D5826D7F3BC007408B7 /* GameplayInteraction.swift */; };
		7A4B6D5C26D7F557007408B7 /* GameplayNavigation.swift in Sources */ = {isa = PBXBuildFile; fileRef = 7A4B6D5B26D7F557007408B7 /* GameplayNavigation.swift */; };
		7A4B6D5F26D7FEB1007408B7 /* CardType.swift in Sources */ = {isa = PBXBuildFile; fileRef = 7A4B6D5E26D7FEB1007408B7 /* CardType.swift */; };
		7A4B6D6226D7FECD007408B7 /* GameBuilder.swift in Sources */ = {isa = PBXBuildFile; fileRef = 7A4B6D6126D7FECD007408B7 /* GameBuilder.swift */; };
		7A4B6D6526D7FEED007408B7 /* CardsProvider.swift in Sources */ = {isa = PBXBuildFile; fileRef = 7A4B6D6426D7FEED007408B7 /* CardsProvider.swift */; };
		7A4B6D6826D80CD8007408B7 /* CardCollectionMediator.swift in Sources */ = {isa = PBXBuildFile; fileRef = 7A4B6D6726D80CD8007408B7 /* CardCollectionMediator.swift */; };
/* End PBXBuildFile section */

/* Begin PBXContainerItemProxy section */
		7A4B6D2426D7DB93007408B7 /* PBXContainerItemProxy */ = {
			isa = PBXContainerItemProxy;
			containerPortal = 7A4B6D0526D7DB91007408B7 /* Project object */;
			proxyType = 1;
			remoteGlobalIDString = 7A4B6D0C26D7DB92007408B7;
			remoteInfo = MemoryGame;
		};
		7A4B6D2F26D7DB93007408B7 /* PBXContainerItemProxy */ = {
			isa = PBXContainerItemProxy;
			containerPortal = 7A4B6D0526D7DB91007408B7 /* Project object */;
			proxyType = 1;
			remoteGlobalIDString = 7A4B6D0C26D7DB92007408B7;
			remoteInfo = MemoryGame;
		};
/* End PBXContainerItemProxy section */

/* Begin PBXFileReference section */
		7A1DECF126DA85FB00A24790 /* CardCollectionViewCell.swift */ = {isa = PBXFileReference; lastKnownFileType = sourcecode.swift; path = CardCollectionViewCell.swift; sourceTree = "<group>"; };
		7A1DECF226DA85FB00A24790 /* CardCollectionViewCell.xib */ = {isa = PBXFileReference; lastKnownFileType = file.xib; path = CardCollectionViewCell.xib; sourceTree = "<group>"; };
		7A1DECF726DAB1E000A24790 /* GameController.swift */ = {isa = PBXFileReference; lastKnownFileType = sourcecode.swift; path = GameController.swift; sourceTree = "<group>"; };
		7A1DECFA26DAB24500A24790 /* Game.swift */ = {isa = PBXFileReference; lastKnownFileType = sourcecode.swift; path = Game.swift; sourceTree = "<group>"; };
		7A1DECFC26DAB6A000A24790 /* ProgressAnimator.swift */ = {isa = PBXFileReference; lastKnownFileType = sourcecode.swift; path = ProgressAnimator.swift; sourceTree = "<group>"; };
		7A1DECFF26DAB6CF00A24790 /* ConfettiLayer.swift */ = {isa = PBXFileReference; lastKnownFileType = sourcecode.swift; path = ConfettiLayer.swift; sourceTree = "<group>"; };
		7A1DED0126DBF8BA00A24790 /* GameControllerTests.swift */ = {isa = PBXFileReference; lastKnownFileType = sourcecode.swift; path = GameControllerTests.swift; sourceTree = "<group>"; };
		7A1DED0326DBFE2400A24790 /* GameBuildingMock.swift */ = {isa = PBXFileReference; lastKnownFileType = sourcecode.swift; path = GameBuildingMock.swift; sourceTree = "<group>"; };
		7A1DED0526DBFE4E00A24790 /* TimerProtocolMock.swift */ = {isa = PBXFileReference; lastKnownFileType = sourcecode.swift; path = TimerProtocolMock.swift; sourceTree = "<group>"; };
		7A1DED0726DBFE7100A24790 /* GameControllerDelegateMock.swift */ = {isa = PBXFileReference; lastKnownFileType = sourcecode.swift; path = GameControllerDelegateMock.swift; sourceTree = "<group>"; };
		7A1DED0A26DBFFAE00A24790 /* TimerProtocol.swift */ = {isa = PBXFileReference; lastKnownFileType = sourcecode.swift; path = TimerProtocol.swift; sourceTree = "<group>"; };
		7A4B6D0D26D7DB92007408B7 /* MemoryGame.app */ = {isa = PBXFileReference; explicitFileType = wrapper.application; includeInIndex = 0; path = MemoryGame.app; sourceTree = BUILT_PRODUCTS_DIR; };
		7A4B6D1026D7DB92007408B7 /* AppDelegate.swift */ = {isa = PBXFileReference; lastKnownFileType = sourcecode.swift; path = AppDelegate.swift; sourceTree = "<group>"; };
		7A4B6D1926D7DB93007408B7 /* Assets.xcassets */ = {isa = PBXFileReference; lastKnownFileType = folder.assetcatalog; path = Assets.xcassets; sourceTree = "<group>"; };
		7A4B6D1C26D7DB93007408B7 /* Base */ = {isa = PBXFileReference; lastKnownFileType = file.storyboard; name = Base; path = Base.lproj/LaunchScreen.storyboard; sourceTree = "<group>"; };
		7A4B6D1E26D7DB93007408B7 /* Info.plist */ = {isa = PBXFileReference; lastKnownFileType = text.plist.xml; path = Info.plist; sourceTree = "<group>"; };
		7A4B6D2326D7DB93007408B7 /* MemoryGameTests.xctest */ = {isa = PBXFileReference; explicitFileType = wrapper.cfbundle; includeInIndex = 0; path = MemoryGameTests.xctest; sourceTree = BUILT_PRODUCTS_DIR; };
		7A4B6D2926D7DB93007408B7 /* Info.plist */ = {isa = PBXFileReference; lastKnownFileType = text.plist.xml; path = Info.plist; sourceTree = "<group>"; };
		7A4B6D2E26D7DB93007408B7 /* MemoryGameUITests.xctest */ = {isa = PBXFileReference; explicitFileType = wrapper.cfbundle; includeInIndex = 0; path = MemoryGameUITests.xctest; sourceTree = BUILT_PRODUCTS_DIR; };
		7A4B6D3226D7DB93007408B7 /* MemoryGameUITests.swift */ = {isa = PBXFileReference; lastKnownFileType = sourcecode.swift; path = MemoryGameUITests.swift; sourceTree = "<group>"; };
		7A4B6D3426D7DB93007408B7 /* Info.plist */ = {isa = PBXFileReference; lastKnownFileType = text.plist.xml; path = Info.plist; sourceTree = "<group>"; };
		7A4B6D4026D7DC16007408B7 /* LobbyViewController.swift */ = {isa = PBXFileReference; lastKnownFileType = sourcecode.swift; path = LobbyViewController.swift; sourceTree = "<group>"; };
		7A4B6D4126D7DC16007408B7 /* LobbyViewController.xib */ = {isa = PBXFileReference; lastKnownFileType = file.xib; path = LobbyViewController.xib; sourceTree = "<group>"; };
		7A4B6D4926D7E8B2007408B7 /* LobbyInteraction.swift */ = {isa = PBXFileReference; lastKnownFileType = sourcecode.swift; path = LobbyInteraction.swift; sourceTree = "<group>"; };
		7A4B6D4C26D7E92E007408B7 /* LobbyNavigation.swift */ = {isa = PBXFileReference; lastKnownFileType = sourcecode.swift; path = LobbyNavigation.swift; sourceTree = "<group>"; };
		7A4B6D4F26D7EBC8007408B7 /* GameType.swift */ = {isa = PBXFileReference; lastKnownFileType = sourcecode.swift; path = GameType.swift; sourceTree = "<group>"; };
		7A4B6D5226D7EC24007408B7 /* GameplayViewController.swift */ = {isa = PBXFileReference; lastKnownFileType = sourcecode.swift; path = GameplayViewController.swift; sourceTree = "<group>"; };
		7A4B6D5326D7EC24007408B7 /* GameplayViewController.xib */ = {isa = PBXFileReference; lastKnownFileType = file.xib; path = GameplayViewController.xib; sourceTree = "<group>"; };
		7A4B6D5826D7F3BC007408B7 /* GameplayInteraction.swift */ = {isa = PBXFileReference; lastKnownFileType = sourcecode.swift; path = GameplayInteraction.swift; sourceTree = "<group>"; };
		7A4B6D5B26D7F557007408B7 /* GameplayNavigation.swift */ = {isa = PBXFileReference; lastKnownFileType = sourcecode.swift; path = GameplayNavigation.swift; sourceTree = "<group>"; };
		7A4B6D5E26D7FEB1007408B7 /* CardType.swift */ = {isa = PBXFileReference; lastKnownFileType = sourcecode.swift; path = CardType.swift; sourceTree = "<group>"; };
		7A4B6D6126D7FECD007408B7 /* GameBuilder.swift */ = {isa = PBXFileReference; lastKnownFileType = sourcecode.swift; path = GameBuilder.swift; sourceTree = "<group>"; };
		7A4B6D6426D7FEED007408B7 /* CardsProvider.swift */ = {isa = PBXFileReference; lastKnownFileType = sourcecode.swift; path = CardsProvider.swift; sourceTree = "<group>"; };
		7A4B6D6726D80CD8007408B7 /* CardCollectionMediator.swift */ = {isa = PBXFileReference; lastKnownFileType = sourcecode.swift; path = CardCollectionMediator.swift; sourceTree = "<group>"; };
/* End PBXFileReference section */

/* Begin PBXFrameworksBuildPhase section */
		7A4B6D0A26D7DB92007408B7 /* Frameworks */ = {
			isa = PBXFrameworksBuildPhase;
			buildActionMask = 2147483647;
			files = (
			);
			runOnlyForDeploymentPostprocessing = 0;
		};
		7A4B6D2026D7DB93007408B7 /* Frameworks */ = {
			isa = PBXFrameworksBuildPhase;
			buildActionMask = 2147483647;
			files = (
			);
			runOnlyForDeploymentPostprocessing = 0;
		};
		7A4B6D2B26D7DB93007408B7 /* Frameworks */ = {
			isa = PBXFrameworksBuildPhase;
			buildActionMask = 2147483647;
			files = (
			);
			runOnlyForDeploymentPostprocessing = 0;
		};
/* End PBXFrameworksBuildPhase section */

/* Begin PBXGroup section */
		7A1DECF526DA860D00A24790 /* Views */ = {
			isa = PBXGroup;
			children = (
				7A1DECF626DA861500A24790 /* CardCollectionViewCell */,
				7A1DECFF26DAB6CF00A24790 /* ConfettiLayer.swift */,
			);
			path = Views;
			sourceTree = "<group>";
		};
		7A1DECF626DA861500A24790 /* CardCollectionViewCell */ = {
			isa = PBXGroup;
			children = (
				7A1DECF126DA85FB00A24790 /* CardCollectionViewCell.swift */,
				7A1DECF226DA85FB00A24790 /* CardCollectionViewCell.xib */,
			);
			path = CardCollectionViewCell;
			sourceTree = "<group>";
		};
		7A1DECF926DAB20500A24790 /* Controllers */ = {
			isa = PBXGroup;
			children = (
				7A1DECF726DAB1E000A24790 /* GameController.swift */,
			);
			path = Controllers;
			sourceTree = "<group>";
		};
		7A1DECFE26DAB6B400A24790 /* Animators */ = {
			isa = PBXGroup;
			children = (
				7A1DECFC26DAB6A000A24790 /* ProgressAnimator.swift */,
			);
			path = Animators;
			sourceTree = "<group>";
		};
		7A1DED0926DBFE8300A24790 /* Mocks */ = {
			isa = PBXGroup;
			children = (
				7A1DED0326DBFE2400A24790 /* GameBuildingMock.swift */,
				7A1DED0526DBFE4E00A24790 /* TimerProtocolMock.swift */,
				7A1DED0726DBFE7100A24790 /* GameControllerDelegateMock.swift */,
			);
			path = Mocks;
			sourceTree = "<group>";
		};
		7A1DED0C26DBFFB000A24790 /* Common */ = {
			isa = PBXGroup;
			children = (
				7A1DED0A26DBFFAE00A24790 /* TimerProtocol.swift */,
			);
			path = Common;
			sourceTree = "<group>";
		};
		7A4B6D0426D7DB91007408B7 = {
			isa = PBXGroup;
			children = (
				7A4B6D0F26D7DB92007408B7 /* MemoryGame */,
				7A4B6D2626D7DB93007408B7 /* MemoryGameTests */,
				7A4B6D3126D7DB93007408B7 /* MemoryGameUITests */,
				7A4B6D0E26D7DB92007408B7 /* Products */,
			);
			sourceTree = "<group>";
		};
		7A4B6D0E26D7DB92007408B7 /* Products */ = {
			isa = PBXGroup;
			children = (
				7A4B6D0D26D7DB92007408B7 /* MemoryGame.app */,
				7A4B6D2326D7DB93007408B7 /* MemoryGameTests.xctest */,
				7A4B6D2E26D7DB93007408B7 /* MemoryGameUITests.xctest */,
			);
			name = Products;
			sourceTree = "<group>";
		};
		7A4B6D0F26D7DB92007408B7 /* MemoryGame */ = {
			isa = PBXGroup;
			children = (
				7A4B6D1E26D7DB93007408B7 /* Info.plist */,
				7A4B6D4726D7DED1007408B7 /* Sources */,
				7A4B6D4826D7DEDB007408B7 /* Resources */,
			);
			path = MemoryGame;
			sourceTree = "<group>";
		};
		7A4B6D2626D7DB93007408B7 /* MemoryGameTests */ = {
			isa = PBXGroup;
			children = (
				7A4B6D2926D7DB93007408B7 /* Info.plist */,
				7A1DED0126DBF8BA00A24790 /* GameControllerTests.swift */,
				7A1DED0926DBFE8300A24790 /* Mocks */,
			);
			path = MemoryGameTests;
			sourceTree = "<group>";
		};
		7A4B6D3126D7DB93007408B7 /* MemoryGameUITests */ = {
			isa = PBXGroup;
			children = (
				7A4B6D3226D7DB93007408B7 /* MemoryGameUITests.swift */,
				7A4B6D3426D7DB93007408B7 /* Info.plist */,
			);
			path = MemoryGameUITests;
			sourceTree = "<group>";
		};
		7A4B6D4426D7DC1C007408B7 /* Modules */ = {
			isa = PBXGroup;
			children = (
				7A4B6D5626D7EC27007408B7 /* Gameplay */,
				7A4B6D4526D7DC2B007408B7 /* Lobby */,
			);
			path = Modules;
			sourceTree = "<group>";
		};
		7A4B6D4526D7DC2B007408B7 /* Lobby */ = {
			isa = PBXGroup;
			children = (
				7A4B6D4B26D7E8BD007408B7 /* Interaction */,
				7A4B6D5126D7EBCB007408B7 /* Model */,
				7A4B6D4E26D7E934007408B7 /* Navigation */,
				7A4B6D4626D7DC32007408B7 /* View */,
			);
			path = Lobby;
			sourceTree = "<group>";
		};
		7A4B6D4626D7DC32007408B7 /* View */ = {
			isa = PBXGroup;
			children = (
				7A4B6D4026D7DC16007408B7 /* LobbyViewController.swift */,
				7A4B6D4126D7DC16007408B7 /* LobbyViewController.xib */,
			);
			path = View;
			sourceTree = "<group>";
		};
		7A4B6D4726D7DED1007408B7 /* Sources */ = {
			isa = PBXGroup;
			children = (
				7A4B6D1026D7DB92007408B7 /* AppDelegate.swift */,
				7A1DED0C26DBFFB000A24790 /* Common */,
				7A4B6D4426D7DC1C007408B7 /* Modules */,
			);
			path = Sources;
			sourceTree = "<group>";
		};
		7A4B6D4826D7DEDB007408B7 /* Resources */ = {
			isa = PBXGroup;
			children = (
				7A4B6D1926D7DB93007408B7 /* Assets.xcassets */,
				7A4B6D1B26D7DB93007408B7 /* LaunchScreen.storyboard */,
			);
			path = Resources;
			sourceTree = "<group>";
		};
		7A4B6D4B26D7E8BD007408B7 /* Interaction */ = {
			isa = PBXGroup;
			children = (
				7A4B6D4926D7E8B2007408B7 /* LobbyInteraction.swift */,
			);
			path = Interaction;
			sourceTree = "<group>";
		};
		7A4B6D4E26D7E934007408B7 /* Navigation */ = {
			isa = PBXGroup;
			children = (
				7A4B6D4C26D7E92E007408B7 /* LobbyNavigation.swift */,
			);
			path = Navigation;
			sourceTree = "<group>";
		};
		7A4B6D5126D7EBCB007408B7 /* Model */ = {
			isa = PBXGroup;
			children = (
				7A4B6D4F26D7EBC8007408B7 /* GameType.swift */,
			);
			path = Model;
			sourceTree = "<group>";
		};
		7A4B6D5626D7EC27007408B7 /* Gameplay */ = {
			isa = PBXGroup;
			children = (
				7A1DECFE26DAB6B400A24790 /* Animators */,
				7A4B6D6326D7FEDF007408B7 /* Builders */,
				7A1DECF926DAB20500A24790 /* Controllers */,
				7A4B6D5A26D7F3C0007408B7 /* Interaction */,
				7A4B6D6926D80CDB007408B7 /* Mediators */,
				7A4B6D6026D7FEC4007408B7 /* Models */,
				7A4B6D5D26D7F567007408B7 /* Navigation */,
				7A4B6D6626D7FEFE007408B7 /* Providers */,
				7A4B6D5726D7EC2B007408B7 /* View */,
			);
			path = Gameplay;
			sourceTree = "<group>";
		};
		7A4B6D5726D7EC2B007408B7 /* View */ = {
			isa = PBXGroup;
			children = (
				7A4B6D5226D7EC24007408B7 /* GameplayViewController.swift */,
				7A4B6D5326D7EC24007408B7 /* GameplayViewController.xib */,
				7A1DECF526DA860D00A24790 /* Views */,
			);
			path = View;
			sourceTree = "<group>";
		};
		7A4B6D5A26D7F3C0007408B7 /* Interaction */ = {
			isa = PBXGroup;
			children = (
				7A4B6D5826D7F3BC007408B7 /* GameplayInteraction.swift */,
			);
			path = Interaction;
			sourceTree = "<group>";
		};
		7A4B6D5D26D7F567007408B7 /* Navigation */ = {
			isa = PBXGroup;
			children = (
				7A4B6D5B26D7F557007408B7 /* GameplayNavigation.swift */,
			);
			path = Navigation;
			sourceTree = "<group>";
		};
		7A4B6D6026D7FEC4007408B7 /* Models */ = {
			isa = PBXGroup;
			children = (
				7A4B6D5E26D7FEB1007408B7 /* CardType.swift */,
				7A1DECFA26DAB24500A24790 /* Game.swift */,
			);
			path = Models;
			sourceTree = "<group>";
		};
		7A4B6D6326D7FEDF007408B7 /* Builders */ = {
			isa = PBXGroup;
			children = (
				7A4B6D6126D7FECD007408B7 /* GameBuilder.swift */,
			);
			path = Builders;
			sourceTree = "<group>";
		};
		7A4B6D6626D7FEFE007408B7 /* Providers */ = {
			isa = PBXGroup;
			children = (
				7A4B6D6426D7FEED007408B7 /* CardsProvider.swift */,
			);
			path = Providers;
			sourceTree = "<group>";
		};
		7A4B6D6926D80CDB007408B7 /* Mediators */ = {
			isa = PBXGroup;
			children = (
				7A4B6D6726D80CD8007408B7 /* CardCollectionMediator.swift */,
			);
			path = Mediators;
			sourceTree = "<group>";
		};
/* End PBXGroup section */

/* Begin PBXNativeTarget section */
		7A4B6D0C26D7DB92007408B7 /* MemoryGame */ = {
			isa = PBXNativeTarget;
			buildConfigurationList = 7A4B6D3726D7DB93007408B7 /* Build configuration list for PBXNativeTarget "MemoryGame" */;
			buildPhases = (
				7A4B6D0926D7DB92007408B7 /* Sources */,
				7A4B6D0A26D7DB92007408B7 /* Frameworks */,
				7A4B6D0B26D7DB92007408B7 /* Resources */,
			);
			buildRules = (
			);
			dependencies = (
			);
			name = MemoryGame;
			productName = MemoryGame;
			productReference = 7A4B6D0D26D7DB92007408B7 /* MemoryGame.app */;
			productType = "com.apple.product-type.application";
		};
		7A4B6D2226D7DB93007408B7 /* MemoryGameTests */ = {
			isa = PBXNativeTarget;
			buildConfigurationList = 7A4B6D3A26D7DB93007408B7 /* Build configuration list for PBXNativeTarget "MemoryGameTests" */;
			buildPhases = (
				7A4B6D1F26D7DB93007408B7 /* Sources */,
				7A4B6D2026D7DB93007408B7 /* Frameworks */,
				7A4B6D2126D7DB93007408B7 /* Resources */,
			);
			buildRules = (
			);
			dependencies = (
				7A4B6D2526D7DB93007408B7 /* PBXTargetDependency */,
			);
			name = MemoryGameTests;
			productName = MemoryGameTests;
			productReference = 7A4B6D2326D7DB93007408B7 /* MemoryGameTests.xctest */;
			productType = "com.apple.product-type.bundle.unit-test";
		};
		7A4B6D2D26D7DB93007408B7 /* MemoryGameUITests */ = {
			isa = PBXNativeTarget;
			buildConfigurationList = 7A4B6D3D26D7DB93007408B7 /* Build configuration list for PBXNativeTarget "MemoryGameUITests" */;
			buildPhases = (
				7A4B6D2A26D7DB93007408B7 /* Sources */,
				7A4B6D2B26D7DB93007408B7 /* Frameworks */,
				7A4B6D2C26D7DB93007408B7 /* Resources */,
			);
			buildRules = (
			);
			dependencies = (
				7A4B6D3026D7DB93007408B7 /* PBXTargetDependency */,
			);
			name = MemoryGameUITests;
			productName = MemoryGameUITests;
			productReference = 7A4B6D2E26D7DB93007408B7 /* MemoryGameUITests.xctest */;
			productType = "com.apple.product-type.bundle.ui-testing";
		};
/* End PBXNativeTarget section */

/* Begin PBXProject section */
		7A4B6D0526D7DB91007408B7 /* Project object */ = {
			isa = PBXProject;
			attributes = {
				LastSwiftUpdateCheck = 1250;
				LastUpgradeCheck = 1250;
				TargetAttributes = {
					7A4B6D0C26D7DB92007408B7 = {
						CreatedOnToolsVersion = 12.5.1;
					};
					7A4B6D2226D7DB93007408B7 = {
						CreatedOnToolsVersion = 12.5.1;
						TestTargetID = 7A4B6D0C26D7DB92007408B7;
					};
					7A4B6D2D26D7DB93007408B7 = {
						CreatedOnToolsVersion = 12.5.1;
						TestTargetID = 7A4B6D0C26D7DB92007408B7;
					};
				};
			};
			buildConfigurationList = 7A4B6D0826D7DB91007408B7 /* Build configuration list for PBXProject "MemoryGame" */;
			compatibilityVersion = "Xcode 9.3";
			developmentRegion = en;
			hasScannedForEncodings = 0;
			knownRegions = (
				en,
				Base,
			);
			mainGroup = 7A4B6D0426D7DB91007408B7;
			productRefGroup = 7A4B6D0E26D7DB92007408B7 /* Products */;
			projectDirPath = "";
			projectRoot = "";
			targets = (
				7A4B6D0C26D7DB92007408B7 /* MemoryGame */,
				7A4B6D2226D7DB93007408B7 /* MemoryGameTests */,
				7A4B6D2D26D7DB93007408B7 /* MemoryGameUITests */,
			);
		};
/* End PBXProject section */

/* Begin PBXResourcesBuildPhase section */
		7A4B6D0B26D7DB92007408B7 /* Resources */ = {
			isa = PBXResourcesBuildPhase;
			buildActionMask = 2147483647;
			files = (
				7A4B6D1D26D7DB93007408B7 /* LaunchScreen.storyboard in Resources */,
				7A1DECF426DA85FB00A24790 /* CardCollectionViewCell.xib in Resources */,
				7A4B6D4326D7DC16007408B7 /* LobbyViewController.xib in Resources */,
				7A4B6D5526D7EC24007408B7 /* GameplayViewController.xib in Resources */,
				7A4B6D1A26D7DB93007408B7 /* Assets.xcassets in Resources */,
			);
			runOnlyForDeploymentPostprocessing = 0;
		};
		7A4B6D2126D7DB93007408B7 /* Resources */ = {
			isa = PBXResourcesBuildPhase;
			buildActionMask = 2147483647;
			files = (
			);
			runOnlyForDeploymentPostprocessing = 0;
		};
		7A4B6D2C26D7DB93007408B7 /* Resources */ = {
			isa = PBXResourcesBuildPhase;
			buildActionMask = 2147483647;
			files = (
			);
			runOnlyForDeploymentPostprocessing = 0;
		};
/* End PBXResourcesBuildPhase section */

/* Begin PBXSourcesBuildPhase section */
		7A4B6D0926D7DB92007408B7 /* Sources */ = {
			isa = PBXSourcesBuildPhase;
			buildActionMask = 2147483647;
			files = (
				7A4B6D4D26D7E92E007408B7 /* LobbyNavigation.swift in Sources */,
				7A1DECFD26DAB6A000A24790 /* ProgressAnimator.swift in Sources */,
				7A1DECFB26DAB24500A24790 /* Game.swift in Sources */,
				7A4B6D4A26D7E8B2007408B7 /* LobbyInteraction.swift in Sources */,
				7A4B6D6826D80CD8007408B7 /* CardCollectionMediator.swift in Sources */,
				7A1DED0B26DBFFAE00A24790 /* TimerProtocol.swift in Sources */,
				7A4B6D6526D7FEED007408B7 /* CardsProvider.swift in Sources */,
				7A4B6D5426D7EC24007408B7 /* GameplayViewController.swift in Sources */,
				7A1DED0026DAB6CF00A24790 /* ConfettiLayer.swift in Sources */,
				7A4B6D5C26D7F557007408B7 /* GameplayNavigation.swift in Sources */,
				7A4B6D4226D7DC16007408B7 /* LobbyViewController.swift in Sources */,
				7A1DECF326DA85FB00A24790 /* CardCollectionViewCell.swift in Sources */,
				7A4B6D6226D7FECD007408B7 /* GameBuilder.swift in Sources */,
				7A4B6D5026D7EBC8007408B7 /* GameType.swift in Sources */,
				7A4B6D5926D7F3BC007408B7 /* GameplayInteraction.swift in Sources */,
				7A4B6D1126D7DB92007408B7 /* AppDelegate.swift in Sources */,
				7A4B6D5F26D7FEB1007408B7 /* CardType.swift in Sources */,
				7A1DECF826DAB1E000A24790 /* GameController.swift in Sources */,
			);
			runOnlyForDeploymentPostprocessing = 0;
		};
		7A4B6D1F26D7DB93007408B7 /* Sources */ = {
			isa = PBXSourcesBuildPhase;
			buildActionMask = 2147483647;
			files = (
				7A1DED0826DBFE7100A24790 /* GameControllerDelegateMock.swift in Sources */,
				7A1DED0226DBF8BA00A24790 /* GameControllerTests.swift in Sources */,
				7A1DED0426DBFE2400A24790 /* GameBuildingMock.swift in Sources */,
				7A1DED0626DBFE4E00A24790 /* TimerProtocolMock.swift in Sources */,
			);
			runOnlyForDeploymentPostprocessing = 0;
		};
		7A4B6D2A26D7DB93007408B7 /* Sources */ = {
			isa = PBXSourcesBuildPhase;
			buildActionMask = 2147483647;
			files = (
				7A4B6D3326D7DB93007408B7 /* MemoryGameUITests.swift in Sources */,
			);
			runOnlyForDeploymentPostprocessing = 0;
		};
/* End PBXSourcesBuildPhase section */

/* Begin PBXTargetDependency section */
		7A4B6D2526D7DB93007408B7 /* PBXTargetDependency */ = {
			isa = PBXTargetDependency;
			target = 7A4B6D0C26D7DB92007408B7 /* MemoryGame */;
			targetProxy = 7A4B6D2426D7DB93007408B7 /* PBXContainerItemProxy */;
		};
		7A4B6D3026D7DB93007408B7 /* PBXTargetDependency */ = {
			isa = PBXTargetDependency;
			target = 7A4B6D0C26D7DB92007408B7 /* MemoryGame */;
			targetProxy = 7A4B6D2F26D7DB93007408B7 /* PBXContainerItemProxy */;
		};
/* End PBXTargetDependency section */

/* Begin PBXVariantGroup section */
		7A4B6D1B26D7DB93007408B7 /* LaunchScreen.storyboard */ = {
			isa = PBXVariantGroup;
			children = (
				7A4B6D1C26D7DB93007408B7 /* Base */,
			);
			name = LaunchScreen.storyboard;
			sourceTree = "<group>";
		};
/* End PBXVariantGroup section */

/* Begin XCBuildConfiguration section */
		7A4B6D3526D7DB93007408B7 /* Debug */ = {
			isa = XCBuildConfiguration;
			buildSettings = {
				ALWAYS_SEARCH_USER_PATHS = NO;
				CLANG_ANALYZER_NONNULL = YES;
				CLANG_ANALYZER_NUMBER_OBJECT_CONVERSION = YES_AGGRESSIVE;
				CLANG_CXX_LANGUAGE_STANDARD = "gnu++14";
				CLANG_CXX_LIBRARY = "libc++";
				CLANG_ENABLE_MODULES = YES;
				CLANG_ENABLE_OBJC_ARC = YES;
				CLANG_ENABLE_OBJC_WEAK = YES;
				CLANG_WARN_BLOCK_CAPTURE_AUTORELEASING = YES;
				CLANG_WARN_BOOL_CONVERSION = YES;
				CLANG_WARN_COMMA = YES;
				CLANG_WARN_CONSTANT_CONVERSION = YES;
				CLANG_WARN_DEPRECATED_OBJC_IMPLEMENTATIONS = YES;
				CLANG_WARN_DIRECT_OBJC_ISA_USAGE = YES_ERROR;
				CLANG_WARN_DOCUMENTATION_COMMENTS = YES;
				CLANG_WARN_EMPTY_BODY = YES;
				CLANG_WARN_ENUM_CONVERSION = YES;
				CLANG_WARN_INFINITE_RECURSION = YES;
				CLANG_WARN_INT_CONVERSION = YES;
				CLANG_WARN_NON_LITERAL_NULL_CONVERSION = YES;
				CLANG_WARN_OBJC_IMPLICIT_RETAIN_SELF = YES;
				CLANG_WARN_OBJC_LITERAL_CONVERSION = YES;
				CLANG_WARN_OBJC_ROOT_CLASS = YES_ERROR;
				CLANG_WARN_QUOTED_INCLUDE_IN_FRAMEWORK_HEADER = YES;
				CLANG_WARN_RANGE_LOOP_ANALYSIS = YES;
				CLANG_WARN_STRICT_PROTOTYPES = YES;
				CLANG_WARN_SUSPICIOUS_MOVE = YES;
				CLANG_WARN_UNGUARDED_AVAILABILITY = YES_AGGRESSIVE;
				CLANG_WARN_UNREACHABLE_CODE = YES;
				CLANG_WARN__DUPLICATE_METHOD_MATCH = YES;
				COPY_PHASE_STRIP = NO;
				DEBUG_INFORMATION_FORMAT = dwarf;
				ENABLE_STRICT_OBJC_MSGSEND = YES;
				ENABLE_TESTABILITY = YES;
				GCC_C_LANGUAGE_STANDARD = gnu11;
				GCC_DYNAMIC_NO_PIC = NO;
				GCC_NO_COMMON_BLOCKS = YES;
				GCC_OPTIMIZATION_LEVEL = 0;
				GCC_PREPROCESSOR_DEFINITIONS = (
					"DEBUG=1",
					"$(inherited)",
				);
				GCC_WARN_64_TO_32_BIT_CONVERSION = YES;
				GCC_WARN_ABOUT_RETURN_TYPE = YES_ERROR;
				GCC_WARN_UNDECLARED_SELECTOR = YES;
				GCC_WARN_UNINITIALIZED_AUTOS = YES_AGGRESSIVE;
				GCC_WARN_UNUSED_FUNCTION = YES;
				GCC_WARN_UNUSED_VARIABLE = YES;
				IPHONEOS_DEPLOYMENT_TARGET = 14.5;
				MTL_ENABLE_DEBUG_INFO = INCLUDE_SOURCE;
				MTL_FAST_MATH = YES;
				ONLY_ACTIVE_ARCH = YES;
				SDKROOT = iphoneos;
				SWIFT_ACTIVE_COMPILATION_CONDITIONS = DEBUG;
				SWIFT_OPTIMIZATION_LEVEL = "-Onone";
			};
			name = Debug;
		};
		7A4B6D3626D7DB93007408B7 /* Release */ = {
			isa = XCBuildConfiguration;
			buildSettings = {
				ALWAYS_SEARCH_USER_PATHS = NO;
				CLANG_ANALYZER_NONNULL = YES;
				CLANG_ANALYZER_NUMBER_OBJECT_CONVERSION = YES_AGGRESSIVE;
				CLANG_CXX_LANGUAGE_STANDARD = "gnu++14";
				CLANG_CXX_LIBRARY = "libc++";
				CLANG_ENABLE_MODULES = YES;
				CLANG_ENABLE_OBJC_ARC = YES;
				CLANG_ENABLE_OBJC_WEAK = YES;
				CLANG_WARN_BLOCK_CAPTURE_AUTORELEASING = YES;
				CLANG_WARN_BOOL_CONVERSION = YES;
				CLANG_WARN_COMMA = YES;
				CLANG_WARN_CONSTANT_CONVERSION = YES;
				CLANG_WARN_DEPRECATED_OBJC_IMPLEMENTATIONS = YES;
				CLANG_WARN_DIRECT_OBJC_ISA_USAGE = YES_ERROR;
				CLANG_WARN_DOCUMENTATION_COMMENTS = YES;
				CLANG_WARN_EMPTY_BODY = YES;
				CLANG_WARN_ENUM_CONVERSION = YES;
				CLANG_WARN_INFINITE_RECURSION = YES;
				CLANG_WARN_INT_CONVERSION = YES;
				CLANG_WARN_NON_LITERAL_NULL_CONVERSION = YES;
				CLANG_WARN_OBJC_IMPLICIT_RETAIN_SELF = YES;
				CLANG_WARN_OBJC_LITERAL_CONVERSION = YES;
				CLANG_WARN_OBJC_ROOT_CLASS = YES_ERROR;
				CLANG_WARN_QUOTED_INCLUDE_IN_FRAMEWORK_HEADER = YES;
				CLANG_WARN_RANGE_LOOP_ANALYSIS = YES;
				CLANG_WARN_STRICT_PROTOTYPES = YES;
				CLANG_WARN_SUSPICIOUS_MOVE = YES;
				CLANG_WARN_UNGUARDED_AVAILABILITY = YES_AGGRESSIVE;
				CLANG_WARN_UNREACHABLE_CODE = YES;
				CLANG_WARN__DUPLICATE_METHOD_MATCH = YES;
				COPY_PHASE_STRIP = NO;
				DEBUG_INFORMATION_FORMAT = "dwarf-with-dsym";
				ENABLE_NS_ASSERTIONS = NO;
				ENABLE_STRICT_OBJC_MSGSEND = YES;
				GCC_C_LANGUAGE_STANDARD = gnu11;
				GCC_NO_COMMON_BLOCKS = YES;
				GCC_WARN_64_TO_32_BIT_CONVERSION = YES;
				GCC_WARN_ABOUT_RETURN_TYPE = YES_ERROR;
				GCC_WARN_UNDECLARED_SELECTOR = YES;
				GCC_WARN_UNINITIALIZED_AUTOS = YES_AGGRESSIVE;
				GCC_WARN_UNUSED_FUNCTION = YES;
				GCC_WARN_UNUSED_VARIABLE = YES;
				IPHONEOS_DEPLOYMENT_TARGET = 14.5;
				MTL_ENABLE_DEBUG_INFO = NO;
				MTL_FAST_MATH = YES;
				SDKROOT = iphoneos;
				SWIFT_COMPILATION_MODE = wholemodule;
				SWIFT_OPTIMIZATION_LEVEL = "-O";
				VALIDATE_PRODUCT = YES;
			};
			name = Release;
		};
		7A4B6D3826D7DB93007408B7 /* Debug */ = {
			isa = XCBuildConfiguration;
			buildSettings = {
				ASSETCATALOG_COMPILER_APPICON_NAME = AppIcon;
				ASSETCATALOG_COMPILER_GLOBAL_ACCENT_COLOR_NAME = AccentColor;
				CODE_SIGN_STYLE = Automatic;
				DEVELOPMENT_TEAM = 59FJ7G8S5U;
				INFOPLIST_FILE = MemoryGame/Info.plist;
				LD_RUNPATH_SEARCH_PATHS = (
					"$(inherited)",
					"@executable_path/Frameworks",
				);
				PRODUCT_BUNDLE_IDENTIFIER = com.bartg.MemoryGame;
				PRODUCT_NAME = "$(TARGET_NAME)";
				SWIFT_VERSION = 5.0;
				TARGETED_DEVICE_FAMILY = "1,2";
			};
			name = Debug;
		};
		7A4B6D3926D7DB93007408B7 /* Release */ = {
			isa = XCBuildConfiguration;
			buildSettings = {
				ASSETCATALOG_COMPILER_APPICON_NAME = AppIcon;
				ASSETCATALOG_COMPILER_GLOBAL_ACCENT_COLOR_NAME = AccentColor;
				CODE_SIGN_STYLE = Automatic;
				DEVELOPMENT_TEAM = 59FJ7G8S5U;
				INFOPLIST_FILE = MemoryGame/Info.plist;
				LD_RUNPATH_SEARCH_PATHS = (
					"$(inherited)",
					"@executable_path/Frameworks",
				);
				PRODUCT_BUNDLE_IDENTIFIER = com.bartg.MemoryGame;
				PRODUCT_NAME = "$(TARGET_NAME)";
				SWIFT_VERSION = 5.0;
				TARGETED_DEVICE_FAMILY = "1,2";
			};
			name = Release;
		};
		7A4B6D3B26D7DB93007408B7 /* Debug */ = {
			isa = XCBuildConfiguration;
			buildSettings = {
				ALWAYS_EMBED_SWIFT_STANDARD_LIBRARIES = YES;
				BUNDLE_LOADER = "$(TEST_HOST)";
				CODE_SIGN_STYLE = Automatic;
				DEVELOPMENT_TEAM = 59FJ7G8S5U;
				INFOPLIST_FILE = MemoryGameTests/Info.plist;
				IPHONEOS_DEPLOYMENT_TARGET = 14.5;
				LD_RUNPATH_SEARCH_PATHS = (
					"$(inherited)",
					"@executable_path/Frameworks",
					"@loader_path/Frameworks",
				);
				PRODUCT_BUNDLE_IDENTIFIER = com.bartg.MemoryGameTests;
				PRODUCT_NAME = "$(TARGET_NAME)";
				SWIFT_VERSION = 5.0;
				TARGETED_DEVICE_FAMILY = "1,2";
				TEST_HOST = "$(BUILT_PRODUCTS_DIR)/MemoryGame.app/MemoryGame";
			};
			name = Debug;
		};
		7A4B6D3C26D7DB93007408B7 /* Release */ = {
			isa = XCBuildConfiguration;
			buildSettings = {
				ALWAYS_EMBED_SWIFT_STANDARD_LIBRARIES = YES;
				BUNDLE_LOADER = "$(TEST_HOST)";
				CODE_SIGN_STYLE = Automatic;
				DEVELOPMENT_TEAM = 59FJ7G8S5U;
				INFOPLIST_FILE = MemoryGameTests/Info.plist;
				IPHONEOS_DEPLOYMENT_TARGET = 14.5;
				LD_RUNPATH_SEARCH_PATHS = (
					"$(inherited)",
					"@executable_path/Frameworks",
					"@loader_path/Frameworks",
				);
				PRODUCT_BUNDLE_IDENTIFIER = com.bartg.MemoryGameTests;
				PRODUCT_NAME = "$(TARGET_NAME)";
				SWIFT_VERSION = 5.0;
				TARGETED_DEVICE_FAMILY = "1,2";
				TEST_HOST = "$(BUILT_PRODUCTS_DIR)/MemoryGame.app/MemoryGame";
			};
			name = Release;
		};
		7A4B6D3E26D7DB93007408B7 /* Debug */ = {
			isa = XCBuildConfiguration;
			buildSettings = {
				ALWAYS_EMBED_SWIFT_STANDARD_LIBRARIES = YES;
				CODE_SIGN_STYLE = Automatic;
				DEVELOPMENT_TEAM = 59FJ7G8S5U;
				INFOPLIST_FILE = MemoryGameUITests/Info.plist;
				LD_RUNPATH_SEARCH_PATHS = (
					"$(inherited)",
					"@executable_path/Frameworks",
					"@loader_path/Frameworks",
				);
				PRODUCT_BUNDLE_IDENTIFIER = com.bartg.MemoryGameUITests;
				PRODUCT_NAME = "$(TARGET_NAME)";
				SWIFT_VERSION = 5.0;
				TARGETED_DEVICE_FAMILY = "1,2";
				TEST_TARGET_NAME = MemoryGame;
			};
			name = Debug;
		};
		7A4B6D3F26D7DB93007408B7 /* Release */ = {
			isa = XCBuildConfiguration;
			buildSettings = {
				ALWAYS_EMBED_SWIFT_STANDARD_LIBRARIES = YES;
				CODE_SIGN_STYLE = Automatic;
				DEVELOPMENT_TEAM = 59FJ7G8S5U;
				INFOPLIST_FILE = MemoryGameUITests/Info.plist;
				LD_RUNPATH_SEARCH_PATHS = (
					"$(inherited)",
					"@executable_path/Frameworks",
					"@loader_path/Frameworks",
				);
				PRODUCT_BUNDLE_IDENTIFIER = com.bartg.MemoryGameUITests;
				PRODUCT_NAME = "$(TARGET_NAME)";
				SWIFT_VERSION = 5.0;
				TARGETED_DEVICE_FAMILY = "1,2";
				TEST_TARGET_NAME = MemoryGame;
			};
			name = Release;
		};
/* End XCBuildConfiguration section */

/* Begin XCConfigurationList section */
		7A4B6D0826D7DB91007408B7 /* Build configuration list for PBXProject "MemoryGame" */ = {
			isa = XCConfigurationList;
			buildConfigurations = (
				7A4B6D3526D7DB93007408B7 /* Debug */,
				7A4B6D3626D7DB93007408B7 /* Release */,
			);
			defaultConfigurationIsVisible = 0;
			defaultConfigurationName = Release;
		};
		7A4B6D3726D7DB93007408B7 /* Build configuration list for PBXNativeTarget "MemoryGame" */ = {
			isa = XCConfigurationList;
			buildConfigurations = (
				7A4B6D3826D7DB93007408B7 /* Debug */,
				7A4B6D3926D7DB93007408B7 /* Release */,
			);
			defaultConfigurationIsVisible = 0;
			defaultConfigurationName = Release;
		};
		7A4B6D3A26D7DB93007408B7 /* Build configuration list for PBXNativeTarget "MemoryGameTests" */ = {
			isa = XCConfigurationList;
			buildConfigurations = (
				7A4B6D3B26D7DB93007408B7 /* Debug */,
				7A4B6D3C26D7DB93007408B7 /* Release */,
			);
			defaultConfigurationIsVisible = 0;
			defaultConfigurationName = Release;
		};
		7A4B6D3D26D7DB93007408B7 /* Build configuration list for PBXNativeTarget "MemoryGameUITests" */ = {
			isa = XCConfigurationList;
			buildConfigurations = (
				7A4B6D3E26D7DB93007408B7 /* Debug */,
				7A4B6D3F26D7DB93007408B7 /* Release */,
			);
			defaultConfigurationIsVisible = 0;
			defaultConfigurationName = Release;
		};
/* End XCConfigurationList section */
	};
	rootObject = 7A4B6D0526D7DB91007408B7 /* Project object */;
}
